
Microsoft Visual Studio Solution File, Format Version 12.00
# Visual Studio Version 17
VisualStudioVersion = 17.2.32210.308
MinimumVisualStudioVersion = 10.0.40219.1
Project("{9A19103F-16F7-4668-BE54-9A1E7A4F7556}") = "CodeDesigner.Core", "CodeDesigner.Core\CodeDesigner.Core.csproj", "{1E6F4FEB-F706-4223-BBC1-F11CEB178AAA}"
EndProject
Project("{9A19103F-16F7-4668-BE54-9A1E7A4F7556}") = "Runner", "Runner\Runner.csproj", "{9780627B-BAD9-494B-AF34-58C11C38E76F}"
EndProject
Project("{9A19103F-16F7-4668-BE54-9A1E7A4F7556}") = "CodeDesigner.Interface", "CodeDesigner.Interface\CodeDesigner.Interface.csproj", "{F55A01E3-B760-4017-BCB8-BCB1D0091118}"
EndProject
Project("{9A19103F-16F7-4668-BE54-9A1E7A4F7556}") = "CodeDesigner.UI", "CodeDesigner.UI\CodeDesigner.UI.csproj", "{8BBEBCE2-7F3D-4ABE-B15D-E67C700BEE25}"
EndProject
Global
	GlobalSection(SolutionConfigurationPlatforms) = preSolution
		Debug|Any CPU = Debug|Any CPU
		Release|Any CPU = Release|Any CPU
	EndGlobalSection
	GlobalSection(ProjectConfigurationPlatforms) = postSolution
		{1E6F4FEB-F706-4223-BBC1-F11CEB178AAA}.Debug|Any CPU.ActiveCfg = Debug|Any CPU
		{1E6F4FEB-F706-4223-BBC1-F11CEB178AAA}.Debug|Any CPU.Build.0 = Debug|Any CPU
		{1E6F4FEB-F706-4223-BBC1-F11CEB178AAA}.Release|Any CPU.ActiveCfg = Release|Any CPU
		{1E6F4FEB-F706-4223-BBC1-F11CEB178AAA}.Release|Any CPU.Build.0 = Release|Any CPU
		{9780627B-BAD9-494B-AF34-58C11C38E76F}.Debug|Any CPU.ActiveCfg = Debug|Any CPU
		{9780627B-BAD9-494B-AF34-58C11C38E76F}.Debug|Any CPU.Build.0 = Debug|Any CPU
		{9780627B-BAD9-494B-AF34-58C11C38E76F}.Release|Any CPU.ActiveCfg = Release|Any CPU
		{9780627B-BAD9-494B-AF34-58C11C38E76F}.Release|Any CPU.Build.0 = Release|Any CPU
		{F55A01E3-B760-4017-BCB8-BCB1D0091118}.Debug|Any CPU.ActiveCfg = Debug|Any CPU
		{F55A01E3-B760-4017-BCB8-BCB1D0091118}.Debug|Any CPU.Build.0 = Debug|Any CPU
		{F55A01E3-B760-4017-BCB8-BCB1D0091118}.Release|Any CPU.ActiveCfg = Release|Any CPU
		{F55A01E3-B760-4017-BCB8-BCB1D0091118}.Release|Any CPU.Build.0 = Release|Any CPU
		{8BBEBCE2-7F3D-4ABE-B15D-E67C700BEE25}.Debug|Any CPU.ActiveCfg = Debug|Any CPU
		{8BBEBCE2-7F3D-4ABE-B15D-E67C700BEE25}.Debug|Any CPU.Build.0 = Debug|Any CPU
		{8BBEBCE2-7F3D-4ABE-B15D-E67C700BEE25}.Release|Any CPU.ActiveCfg = Release|Any CPU
		{8BBEBCE2-7F3D-4ABE-B15D-E67C700BEE25}.Release|Any CPU.Build.0 = Release|Any CPU
	EndGlobalSection
	GlobalSection(SolutionProperties) = preSolution
		HideSolutionNode = FALSE
	EndGlobalSection
	GlobalSection(ExtensibilityGlobals) = postSolution
		SolutionGuid = {2D487EAD-0FB0-4EAE-93C2-78F38FCE5B41}
	EndGlobalSection
EndGlobal
