
Microsoft Visual Studio Solution File, Format Version 12.00
# Visual Studio Version 17
VisualStudioVersion = 17.2.32210.308
MinimumVisualStudioVersion = 10.0.40219.1
Project("{FAE04EC0-301F-11D3-BF4B-00C04F79EFBC}") = "CodeDesigner.UI", "CodeDesigner\CodeDesigner.UI.csproj", "{FC19EA43-A604-4945-ACD2-2C75FB6F4BF6}"
EndProject
Project("{FAE04EC0-301F-11D3-BF4B-00C04F79EFBC}") = "CodeDesigner.Core", "CodeDesigner.Core\CodeDesigner.Core.csproj", "{1E6F4FEB-F706-4223-BBC1-F11CEB178AAA}"
EndProject
Project("{FAE04EC0-301F-11D3-BF4B-00C04F79EFBC}") = "Runner", "Runner\Runner.csproj", "{9780627B-BAD9-494B-AF34-58C11C38E76F}"
EndProject
Global
	GlobalSection(SolutionConfigurationPlatforms) = preSolution
		Debug|Any CPU = Debug|Any CPU
		Release|Any CPU = Release|Any CPU
	EndGlobalSection
	GlobalSection(ProjectConfigurationPlatforms) = postSolution
		{FC19EA43-A604-4945-ACD2-2C75FB6F4BF6}.Debug|Any CPU.ActiveCfg = Debug|Any CPU
		{FC19EA43-A604-4945-ACD2-2C75FB6F4BF6}.Debug|Any CPU.Build.0 = Debug|Any CPU
		{FC19EA43-A604-4945-ACD2-2C75FB6F4BF6}.Release|Any CPU.ActiveCfg = Release|Any CPU
		{FC19EA43-A604-4945-ACD2-2C75FB6F4BF6}.Release|Any CPU.Build.0 = Release|Any CPU
		{1E6F4FEB-F706-4223-BBC1-F11CEB178AAA}.Debug|Any CPU.ActiveCfg = Debug|Any CPU
		{1E6F4FEB-F706-4223-BBC1-F11CEB178AAA}.Debug|Any CPU.Build.0 = Debug|Any CPU
		{1E6F4FEB-F706-4223-BBC1-F11CEB178AAA}.Release|Any CPU.ActiveCfg = Release|Any CPU
		{1E6F4FEB-F706-4223-BBC1-F11CEB178AAA}.Release|Any CPU.Build.0 = Release|Any CPU
		{9780627B-BAD9-494B-AF34-58C11C38E76F}.Debug|Any CPU.ActiveCfg = Debug|Any CPU
		{9780627B-BAD9-494B-AF34-58C11C38E76F}.Debug|Any CPU.Build.0 = Debug|Any CPU
		{9780627B-BAD9-494B-AF34-58C11C38E76F}.Release|Any CPU.ActiveCfg = Release|Any CPU
		{9780627B-BAD9-494B-AF34-58C11C38E76F}.Release|Any CPU.Build.0 = Release|Any CPU
	EndGlobalSection
	GlobalSection(SolutionProperties) = preSolution
		HideSolutionNode = FALSE
	EndGlobalSection
	GlobalSection(ExtensibilityGlobals) = postSolution
		SolutionGuid = {2D487EAD-0FB0-4EAE-93C2-78F38FCE5B41}
	EndGlobalSection
EndGlobal
